
Microsoft Visual Studio Solution File, Format Version 12.00
# Visual Studio Version 18
VisualStudioVersion = 18.3.11527.330
MinimumVisualStudioVersion = 10.0.40219.1
Project("{FAE04EC0-301F-11D3-BF4B-00C04F79EFBC}") = "Transformations", "Transformations\Transformations.csproj", "{570785EB-B08E-41FC-99AF-89E15E738BD2}"
EndProject
Project("{FAE04EC0-301F-11D3-BF4B-00C04F79EFBC}") = "Transformations.Tests", "Transformations.Tests\Transformations.Tests.csproj", "{B56F103F-A52F-4D29-A1A9-418601660D60}"
EndProject
Project("{FAE04EC0-301F-11D3-BF4B-00C04F79EFBC}") = "Transformations.Core", "Transformations.Core\Transformations.Core.csproj", "{97E1BEB3-467B-4F93-9B30-B1FC91381CFF}"
EndProject
Project("{FAE04EC0-301F-11D3-BF4B-00C04F79EFBC}") = "Transformations.Data", "Transformations.Data\Transformations.Data.csproj", "{D06EB14E-31D1-407C-BDA8-67C3F0560AD8}"
EndProject
Project("{FAE04EC0-301F-11D3-BF4B-00C04F79EFBC}") = "Transformations.Web", "Transformations.Web\Transformations.Web.csproj", "{B2229BCE-554A-4303-9028-DB70167B9488}"
EndProject
Project("{FAE04EC0-301F-11D3-BF4B-00C04F79EFBC}") = "Transformations.Dapper", "Transformations.Dapper\Transformations.Dapper.csproj", "{A346C77B-3320-4B25-8F54-88BCAC7D3D49}"
EndProject
Project("{FAE04EC0-301F-11D3-BF4B-00C04F79EFBC}") = "Transformations.Dapper.Tests", "Transformations.Dapper.Tests\Transformations.Dapper.Tests.csproj", "{285F9C9F-DCCB-4A98-8BA2-C077F78CFCEA}"
EndProject
Project("{FAE04EC0-301F-11D3-BF4B-00C04F79EFBC}") = "Transformations.EntityFramework", "Transformations.EntityFramework\Transformations.EntityFramework.csproj", "{6389AE3D-8B37-4DE8-89B9-FEE64760B072}"
EndProject
Project("{FAE04EC0-301F-11D3-BF4B-00C04F79EFBC}") = "Transformations.EntityFramework.Tests", "Transformations.EntityFramework.Tests\Transformations.EntityFramework.Tests.csproj", "{557CB714-15AA-4C45-9C7B-7233D1EEA6DB}"
EndProject
Project("{FAE04EC0-301F-11D3-BF4B-00C04F79EFBC}") = "Transformations.Analyzers", "Transformations.Analyzers\Transformations.Analyzers.csproj", "{E0886864-3145-4CCF-BB1F-B3F5D2CA1CB2}"
EndProject
Project("{FAE04EC0-301F-11D3-BF4B-00C04F79EFBC}") = "Transformations.Analyzers.Tests", "Transformations.Analyzers.Tests\Transformations.Analyzers.Tests.csproj", "{08A810C0-1822-4A7A-A1E9-0E061A779821}"
EndProject
Project("{FAE04EC0-301F-11D3-BF4B-00C04F79EFBC}") = "Transformations.Mapping.Generator", "Transformations.Mapping.Generator\Transformations.Mapping.Generator.csproj", "{15E304B3-4A49-4357-9737-8C267536A995}"
EndProject
Project("{FAE04EC0-301F-11D3-BF4B-00C04F79EFBC}") = "Transformations.Mapping", "Transformations.Mapping\Transformations.Mapping.csproj", "{F964A6C6-95F6-47ED-8AF8-F6CAB2DF5F26}"
EndProject
Project("{FAE04EC0-301F-11D3-BF4B-00C04F79EFBC}") = "Transformations.Mapping.Tests", "Transformations.Mapping.Tests\Transformations.Mapping.Tests.csproj", "{61873A05-148D-4EE5-BC27-B13F21616977}"
EndProject
Project("{2150E333-8FDC-42A3-9474-1A3956D46DE8}") = "Solution Items", "Solution Items", "{80229944-E54C-4173-88A5-4DF441693E95}"
	ProjectSection(SolutionItems) = preProject
		build_rich_readmes.ps1 = build_rich_readmes.ps1
		Directory.Build.props = Directory.Build.props
		generate_readmes.ps1 = generate_readmes.ps1
		README.md = README.md
		repack-nuget.ps1 = repack-nuget.ps1
		TRANSFORMATIONS_README_TEMPLATE.md = TRANSFORMATIONS_README_TEMPLATE.md
	EndProjectSection
EndProject
Project("{FAE04EC0-301F-11D3-BF4B-00C04F79EFBC}") = "Transformations.Text", "Transformations.TextExtractor\Transformations.Text.csproj", "{1B64F8EE-E961-4075-B18C-931159A0266E}"
EndProject
Global
	GlobalSection(SolutionConfigurationPlatforms) = preSolution
		Debug|Any CPU = Debug|Any CPU
		Debug|x64 = Debug|x64
		Debug|x86 = Debug|x86
		Release|Any CPU = Release|Any CPU
		Release|x64 = Release|x64
		Release|x86 = Release|x86
	EndGlobalSection
	GlobalSection(ProjectConfigurationPlatforms) = postSolution
		{570785EB-B08E-41FC-99AF-89E15E738BD2}.Debug|Any CPU.ActiveCfg = Debug|Any CPU
		{570785EB-B08E-41FC-99AF-89E15E738BD2}.Debug|Any CPU.Build.0 = Debug|Any CPU
		{570785EB-B08E-41FC-99AF-89E15E738BD2}.Debug|x64.ActiveCfg = Debug|Any CPU
		{570785EB-B08E-41FC-99AF-89E15E738BD2}.Debug|x64.Build.0 = Debug|Any CPU
		{570785EB-B08E-41FC-99AF-89E15E738BD2}.Debug|x86.ActiveCfg = Debug|Any CPU
		{570785EB-B08E-41FC-99AF-89E15E738BD2}.Debug|x86.Build.0 = Debug|Any CPU
		{570785EB-B08E-41FC-99AF-89E15E738BD2}.Release|Any CPU.ActiveCfg = Release|Any CPU
		{570785EB-B08E-41FC-99AF-89E15E738BD2}.Release|Any CPU.Build.0 = Release|Any CPU
		{570785EB-B08E-41FC-99AF-89E15E738BD2}.Release|x64.ActiveCfg = Release|Any CPU
		{570785EB-B08E-41FC-99AF-89E15E738BD2}.Release|x64.Build.0 = Release|Any CPU
		{570785EB-B08E-41FC-99AF-89E15E738BD2}.Release|x86.ActiveCfg = Release|Any CPU
		{570785EB-B08E-41FC-99AF-89E15E738BD2}.Release|x86.Build.0 = Release|Any CPU
		{B56F103F-A52F-4D29-A1A9-418601660D60}.Debug|Any CPU.ActiveCfg = Debug|Any CPU
		{B56F103F-A52F-4D29-A1A9-418601660D60}.Debug|Any CPU.Build.0 = Debug|Any CPU
		{B56F103F-A52F-4D29-A1A9-418601660D60}.Debug|x64.ActiveCfg = Debug|Any CPU
		{B56F103F-A52F-4D29-A1A9-418601660D60}.Debug|x64.Build.0 = Debug|Any CPU
		{B56F103F-A52F-4D29-A1A9-418601660D60}.Debug|x86.ActiveCfg = Debug|Any CPU
		{B56F103F-A52F-4D29-A1A9-418601660D60}.Debug|x86.Build.0 = Debug|Any CPU
		{B56F103F-A52F-4D29-A1A9-418601660D60}.Release|Any CPU.ActiveCfg = Release|Any CPU
		{B56F103F-A52F-4D29-A1A9-418601660D60}.Release|Any CPU.Build.0 = Release|Any CPU
		{B56F103F-A52F-4D29-A1A9-418601660D60}.Release|x64.ActiveCfg = Release|Any CPU
		{B56F103F-A52F-4D29-A1A9-418601660D60}.Release|x64.Build.0 = Release|Any CPU
		{B56F103F-A52F-4D29-A1A9-418601660D60}.Release|x86.ActiveCfg = Release|Any CPU
		{B56F103F-A52F-4D29-A1A9-418601660D60}.Release|x86.Build.0 = Release|Any CPU
		{97E1BEB3-467B-4F93-9B30-B1FC91381CFF}.Debug|Any CPU.ActiveCfg = Debug|Any CPU
		{97E1BEB3-467B-4F93-9B30-B1FC91381CFF}.Debug|Any CPU.Build.0 = Debug|Any CPU
		{97E1BEB3-467B-4F93-9B30-B1FC91381CFF}.Debug|x64.ActiveCfg = Debug|Any CPU
		{97E1BEB3-467B-4F93-9B30-B1FC91381CFF}.Debug|x64.Build.0 = Debug|Any CPU
		{97E1BEB3-467B-4F93-9B30-B1FC91381CFF}.Debug|x86.ActiveCfg = Debug|Any CPU
		{97E1BEB3-467B-4F93-9B30-B1FC91381CFF}.Debug|x86.Build.0 = Debug|Any CPU
		{97E1BEB3-467B-4F93-9B30-B1FC91381CFF}.Release|Any CPU.ActiveCfg = Release|Any CPU
		{97E1BEB3-467B-4F93-9B30-B1FC91381CFF}.Release|Any CPU.Build.0 = Release|Any CPU
		{97E1BEB3-467B-4F93-9B30-B1FC91381CFF}.Release|x64.ActiveCfg = Release|Any CPU
		{97E1BEB3-467B-4F93-9B30-B1FC91381CFF}.Release|x64.Build.0 = Release|Any CPU
		{97E1BEB3-467B-4F93-9B30-B1FC91381CFF}.Release|x86.ActiveCfg = Release|Any CPU
		{97E1BEB3-467B-4F93-9B30-B1FC91381CFF}.Release|x86.Build.0 = Release|Any CPU
		{D06EB14E-31D1-407C-BDA8-67C3F0560AD8}.Debug|Any CPU.ActiveCfg = Debug|Any CPU
		{D06EB14E-31D1-407C-BDA8-67C3F0560AD8}.Debug|Any CPU.Build.0 = Debug|Any CPU
		{D06EB14E-31D1-407C-BDA8-67C3F0560AD8}.Debug|x64.ActiveCfg = Debug|Any CPU
		{D06EB14E-31D1-407C-BDA8-67C3F0560AD8}.Debug|x64.Build.0 = Debug|Any CPU
		{D06EB14E-31D1-407C-BDA8-67C3F0560AD8}.Debug|x86.ActiveCfg = Debug|Any CPU
		{D06EB14E-31D1-407C-BDA8-67C3F0560AD8}.Debug|x86.Build.0 = Debug|Any CPU
		{D06EB14E-31D1-407C-BDA8-67C3F0560AD8}.Release|Any CPU.ActiveCfg = Release|Any CPU
		{D06EB14E-31D1-407C-BDA8-67C3F0560AD8}.Release|Any CPU.Build.0 = Release|Any CPU
		{D06EB14E-31D1-407C-BDA8-67C3F0560AD8}.Release|x64.ActiveCfg = Release|Any CPU
		{D06EB14E-31D1-407C-BDA8-67C3F0560AD8}.Release|x64.Build.0 = Release|Any CPU
		{D06EB14E-31D1-407C-BDA8-67C3F0560AD8}.Release|x86.ActiveCfg = Release|Any CPU
		{D06EB14E-31D1-407C-BDA8-67C3F0560AD8}.Release|x86.Build.0 = Release|Any CPU
		{B2229BCE-554A-4303-9028-DB70167B9488}.Debug|Any CPU.ActiveCfg = Debug|Any CPU
		{B2229BCE-554A-4303-9028-DB70167B9488}.Debug|Any CPU.Build.0 = Debug|Any CPU
		{B2229BCE-554A-4303-9028-DB70167B9488}.Debug|x64.ActiveCfg = Debug|Any CPU
		{B2229BCE-554A-4303-9028-DB70167B9488}.Debug|x64.Build.0 = Debug|Any CPU
		{B2229BCE-554A-4303-9028-DB70167B9488}.Debug|x86.ActiveCfg = Debug|Any CPU
		{B2229BCE-554A-4303-9028-DB70167B9488}.Debug|x86.Build.0 = Debug|Any CPU
		{B2229BCE-554A-4303-9028-DB70167B9488}.Release|Any CPU.ActiveCfg = Release|Any CPU
		{B2229BCE-554A-4303-9028-DB70167B9488}.Release|Any CPU.Build.0 = Release|Any CPU
		{B2229BCE-554A-4303-9028-DB70167B9488}.Release|x64.ActiveCfg = Release|Any CPU
		{B2229BCE-554A-4303-9028-DB70167B9488}.Release|x64.Build.0 = Release|Any CPU
		{B2229BCE-554A-4303-9028-DB70167B9488}.Release|x86.ActiveCfg = Release|Any CPU
		{B2229BCE-554A-4303-9028-DB70167B9488}.Release|x86.Build.0 = Release|Any CPU
		{A346C77B-3320-4B25-8F54-88BCAC7D3D49}.Debug|Any CPU.ActiveCfg = Debug|Any CPU
		{A346C77B-3320-4B25-8F54-88BCAC7D3D49}.Debug|Any CPU.Build.0 = Debug|Any CPU
		{A346C77B-3320-4B25-8F54-88BCAC7D3D49}.Debug|x64.ActiveCfg = Debug|Any CPU
		{A346C77B-3320-4B25-8F54-88BCAC7D3D49}.Debug|x64.Build.0 = Debug|Any CPU
		{A346C77B-3320-4B25-8F54-88BCAC7D3D49}.Debug|x86.ActiveCfg = Debug|Any CPU
		{A346C77B-3320-4B25-8F54-88BCAC7D3D49}.Debug|x86.Build.0 = Debug|Any CPU
		{A346C77B-3320-4B25-8F54-88BCAC7D3D49}.Release|Any CPU.ActiveCfg = Release|Any CPU
		{A346C77B-3320-4B25-8F54-88BCAC7D3D49}.Release|Any CPU.Build.0 = Release|Any CPU
		{A346C77B-3320-4B25-8F54-88BCAC7D3D49}.Release|x64.ActiveCfg = Release|Any CPU
		{A346C77B-3320-4B25-8F54-88BCAC7D3D49}.Release|x64.Build.0 = Release|Any CPU
		{A346C77B-3320-4B25-8F54-88BCAC7D3D49}.Release|x86.ActiveCfg = Release|Any CPU
		{A346C77B-3320-4B25-8F54-88BCAC7D3D49}.Release|x86.Build.0 = Release|Any CPU
		{285F9C9F-DCCB-4A98-8BA2-C077F78CFCEA}.Debug|Any CPU.ActiveCfg = Debug|Any CPU
		{285F9C9F-DCCB-4A98-8BA2-C077F78CFCEA}.Debug|Any CPU.Build.0 = Debug|Any CPU
		{285F9C9F-DCCB-4A98-8BA2-C077F78CFCEA}.Debug|x64.ActiveCfg = Debug|Any CPU
		{285F9C9F-DCCB-4A98-8BA2-C077F78CFCEA}.Debug|x64.Build.0 = Debug|Any CPU
		{285F9C9F-DCCB-4A98-8BA2-C077F78CFCEA}.Debug|x86.ActiveCfg = Debug|Any CPU
		{285F9C9F-DCCB-4A98-8BA2-C077F78CFCEA}.Debug|x86.Build.0 = Debug|Any CPU
		{285F9C9F-DCCB-4A98-8BA2-C077F78CFCEA}.Release|Any CPU.ActiveCfg = Release|Any CPU
		{285F9C9F-DCCB-4A98-8BA2-C077F78CFCEA}.Release|Any CPU.Build.0 = Release|Any CPU
		{285F9C9F-DCCB-4A98-8BA2-C077F78CFCEA}.Release|x64.ActiveCfg = Release|Any CPU
		{285F9C9F-DCCB-4A98-8BA2-C077F78CFCEA}.Release|x64.Build.0 = Release|Any CPU
		{285F9C9F-DCCB-4A98-8BA2-C077F78CFCEA}.Release|x86.ActiveCfg = Release|Any CPU
		{285F9C9F-DCCB-4A98-8BA2-C077F78CFCEA}.Release|x86.Build.0 = Release|Any CPU
		{6389AE3D-8B37-4DE8-89B9-FEE64760B072}.Debug|Any CPU.ActiveCfg = Debug|Any CPU
		{6389AE3D-8B37-4DE8-89B9-FEE64760B072}.Debug|Any CPU.Build.0 = Debug|Any CPU
		{6389AE3D-8B37-4DE8-89B9-FEE64760B072}.Debug|x64.ActiveCfg = Debug|Any CPU
		{6389AE3D-8B37-4DE8-89B9-FEE64760B072}.Debug|x64.Build.0 = Debug|Any CPU
		{6389AE3D-8B37-4DE8-89B9-FEE64760B072}.Debug|x86.ActiveCfg = Debug|Any CPU
		{6389AE3D-8B37-4DE8-89B9-FEE64760B072}.Debug|x86.Build.0 = Debug|Any CPU
		{6389AE3D-8B37-4DE8-89B9-FEE64760B072}.Release|Any CPU.ActiveCfg = Release|Any CPU
		{6389AE3D-8B37-4DE8-89B9-FEE64760B072}.Release|Any CPU.Build.0 = Release|Any CPU
		{6389AE3D-8B37-4DE8-89B9-FEE64760B072}.Release|x64.ActiveCfg = Release|Any CPU
		{6389AE3D-8B37-4DE8-89B9-FEE64760B072}.Release|x64.Build.0 = Release|Any CPU
		{6389AE3D-8B37-4DE8-89B9-FEE64760B072}.Release|x86.ActiveCfg = Release|Any CPU
		{6389AE3D-8B37-4DE8-89B9-FEE64760B072}.Release|x86.Build.0 = Release|Any CPU
		{557CB714-15AA-4C45-9C7B-7233D1EEA6DB}.Debug|Any CPU.ActiveCfg = Debug|Any CPU
		{557CB714-15AA-4C45-9C7B-7233D1EEA6DB}.Debug|Any CPU.Build.0 = Debug|Any CPU
		{557CB714-15AA-4C45-9C7B-7233D1EEA6DB}.Debug|x64.ActiveCfg = Debug|Any CPU
		{557CB714-15AA-4C45-9C7B-7233D1EEA6DB}.Debug|x64.Build.0 = Debug|Any CPU
		{557CB714-15AA-4C45-9C7B-7233D1EEA6DB}.Debug|x86.ActiveCfg = Debug|Any CPU
		{557CB714-15AA-4C45-9C7B-7233D1EEA6DB}.Debug|x86.Build.0 = Debug|Any CPU
		{557CB714-15AA-4C45-9C7B-7233D1EEA6DB}.Release|Any CPU.ActiveCfg = Release|Any CPU
		{557CB714-15AA-4C45-9C7B-7233D1EEA6DB}.Release|Any CPU.Build.0 = Release|Any CPU
		{557CB714-15AA-4C45-9C7B-7233D1EEA6DB}.Release|x64.ActiveCfg = Release|Any CPU
		{557CB714-15AA-4C45-9C7B-7233D1EEA6DB}.Release|x64.Build.0 = Release|Any CPU
		{557CB714-15AA-4C45-9C7B-7233D1EEA6DB}.Release|x86.ActiveCfg = Release|Any CPU
		{557CB714-15AA-4C45-9C7B-7233D1EEA6DB}.Release|x86.Build.0 = Release|Any CPU
		{E0886864-3145-4CCF-BB1F-B3F5D2CA1CB2}.Debug|Any CPU.ActiveCfg = Debug|Any CPU
		{E0886864-3145-4CCF-BB1F-B3F5D2CA1CB2}.Debug|Any CPU.Build.0 = Debug|Any CPU
		{E0886864-3145-4CCF-BB1F-B3F5D2CA1CB2}.Debug|x64.ActiveCfg = Debug|Any CPU
		{E0886864-3145-4CCF-BB1F-B3F5D2CA1CB2}.Debug|x64.Build.0 = Debug|Any CPU
		{E0886864-3145-4CCF-BB1F-B3F5D2CA1CB2}.Debug|x86.ActiveCfg = Debug|Any CPU
		{E0886864-3145-4CCF-BB1F-B3F5D2CA1CB2}.Debug|x86.Build.0 = Debug|Any CPU
		{E0886864-3145-4CCF-BB1F-B3F5D2CA1CB2}.Release|Any CPU.ActiveCfg = Release|Any CPU
		{E0886864-3145-4CCF-BB1F-B3F5D2CA1CB2}.Release|Any CPU.Build.0 = Release|Any CPU
		{E0886864-3145-4CCF-BB1F-B3F5D2CA1CB2}.Release|x64.ActiveCfg = Release|Any CPU
		{E0886864-3145-4CCF-BB1F-B3F5D2CA1CB2}.Release|x64.Build.0 = Release|Any CPU
		{E0886864-3145-4CCF-BB1F-B3F5D2CA1CB2}.Release|x86.ActiveCfg = Release|Any CPU
		{E0886864-3145-4CCF-BB1F-B3F5D2CA1CB2}.Release|x86.Build.0 = Release|Any CPU
		{08A810C0-1822-4A7A-A1E9-0E061A779821}.Debug|Any CPU.ActiveCfg = Debug|Any CPU
		{08A810C0-1822-4A7A-A1E9-0E061A779821}.Debug|Any CPU.Build.0 = Debug|Any CPU
		{08A810C0-1822-4A7A-A1E9-0E061A779821}.Debug|x64.ActiveCfg = Debug|Any CPU
		{08A810C0-1822-4A7A-A1E9-0E061A779821}.Debug|x64.Build.0 = Debug|Any CPU
		{08A810C0-1822-4A7A-A1E9-0E061A779821}.Debug|x86.ActiveCfg = Debug|Any CPU
		{08A810C0-1822-4A7A-A1E9-0E061A779821}.Debug|x86.Build.0 = Debug|Any CPU
		{08A810C0-1822-4A7A-A1E9-0E061A779821}.Release|Any CPU.ActiveCfg = Release|Any CPU
		{08A810C0-1822-4A7A-A1E9-0E061A779821}.Release|Any CPU.Build.0 = Release|Any CPU
		{08A810C0-1822-4A7A-A1E9-0E061A779821}.Release|x64.ActiveCfg = Release|Any CPU
		{08A810C0-1822-4A7A-A1E9-0E061A779821}.Release|x64.Build.0 = Release|Any CPU
		{08A810C0-1822-4A7A-A1E9-0E061A779821}.Release|x86.ActiveCfg = Release|Any CPU
		{08A810C0-1822-4A7A-A1E9-0E061A779821}.Release|x86.Build.0 = Release|Any CPU
		{15E304B3-4A49-4357-9737-8C267536A995}.Debug|Any CPU.ActiveCfg = Debug|Any CPU
		{15E304B3-4A49-4357-9737-8C267536A995}.Debug|Any CPU.Build.0 = Debug|Any CPU
		{15E304B3-4A49-4357-9737-8C267536A995}.Debug|x64.ActiveCfg = Debug|Any CPU
		{15E304B3-4A49-4357-9737-8C267536A995}.Debug|x64.Build.0 = Debug|Any CPU
		{15E304B3-4A49-4357-9737-8C267536A995}.Debug|x86.ActiveCfg = Debug|Any CPU
		{15E304B3-4A49-4357-9737-8C267536A995}.Debug|x86.Build.0 = Debug|Any CPU
		{15E304B3-4A49-4357-9737-8C267536A995}.Release|Any CPU.ActiveCfg = Release|Any CPU
		{15E304B3-4A49-4357-9737-8C267536A995}.Release|Any CPU.Build.0 = Release|Any CPU
		{15E304B3-4A49-4357-9737-8C267536A995}.Release|x64.ActiveCfg = Release|Any CPU
		{15E304B3-4A49-4357-9737-8C267536A995}.Release|x64.Build.0 = Release|Any CPU
		{15E304B3-4A49-4357-9737-8C267536A995}.Release|x86.ActiveCfg = Release|Any CPU
		{15E304B3-4A49-4357-9737-8C267536A995}.Release|x86.Build.0 = Release|Any CPU
		{F964A6C6-95F6-47ED-8AF8-F6CAB2DF5F26}.Debug|Any CPU.ActiveCfg = Debug|Any CPU
		{F964A6C6-95F6-47ED-8AF8-F6CAB2DF5F26}.Debug|Any CPU.Build.0 = Debug|Any CPU
		{F964A6C6-95F6-47ED-8AF8-F6CAB2DF5F26}.Debug|x64.ActiveCfg = Debug|Any CPU
		{F964A6C6-95F6-47ED-8AF8-F6CAB2DF5F26}.Debug|x64.Build.0 = Debug|Any CPU
		{F964A6C6-95F6-47ED-8AF8-F6CAB2DF5F26}.Debug|x86.ActiveCfg = Debug|Any CPU
		{F964A6C6-95F6-47ED-8AF8-F6CAB2DF5F26}.Debug|x86.Build.0 = Debug|Any CPU
		{F964A6C6-95F6-47ED-8AF8-F6CAB2DF5F26}.Release|Any CPU.ActiveCfg = Release|Any CPU
		{F964A6C6-95F6-47ED-8AF8-F6CAB2DF5F26}.Release|Any CPU.Build.0 = Release|Any CPU
		{F964A6C6-95F6-47ED-8AF8-F6CAB2DF5F26}.Release|x64.ActiveCfg = Release|Any CPU
		{F964A6C6-95F6-47ED-8AF8-F6CAB2DF5F26}.Release|x64.Build.0 = Release|Any CPU
		{F964A6C6-95F6-47ED-8AF8-F6CAB2DF5F26}.Release|x86.ActiveCfg = Release|Any CPU
		{F964A6C6-95F6-47ED-8AF8-F6CAB2DF5F26}.Release|x86.Build.0 = Release|Any CPU
		{61873A05-148D-4EE5-BC27-B13F21616977}.Debug|Any CPU.ActiveCfg = Debug|Any CPU
		{61873A05-148D-4EE5-BC27-B13F21616977}.Debug|Any CPU.Build.0 = Debug|Any CPU
		{61873A05-148D-4EE5-BC27-B13F21616977}.Debug|x64.ActiveCfg = Debug|Any CPU
		{61873A05-148D-4EE5-BC27-B13F21616977}.Debug|x64.Build.0 = Debug|Any CPU
		{61873A05-148D-4EE5-BC27-B13F21616977}.Debug|x86.ActiveCfg = Debug|Any CPU
		{61873A05-148D-4EE5-BC27-B13F21616977}.Debug|x86.Build.0 = Debug|Any CPU
		{61873A05-148D-4EE5-BC27-B13F21616977}.Release|Any CPU.ActiveCfg = Release|Any CPU
		{61873A05-148D-4EE5-BC27-B13F21616977}.Release|Any CPU.Build.0 = Release|Any CPU
		{61873A05-148D-4EE5-BC27-B13F21616977}.Release|x64.ActiveCfg = Release|Any CPU
		{61873A05-148D-4EE5-BC27-B13F21616977}.Release|x64.Build.0 = Release|Any CPU
		{61873A05-148D-4EE5-BC27-B13F21616977}.Release|x86.ActiveCfg = Release|Any CPU
		{61873A05-148D-4EE5-BC27-B13F21616977}.Release|x86.Build.0 = Release|Any CPU
		{1B64F8EE-E961-4075-B18C-931159A0266E}.Debug|Any CPU.ActiveCfg = Debug|Any CPU
		{1B64F8EE-E961-4075-B18C-931159A0266E}.Debug|Any CPU.Build.0 = Debug|Any CPU
		{1B64F8EE-E961-4075-B18C-931159A0266E}.Debug|x64.ActiveCfg = Debug|Any CPU
		{1B64F8EE-E961-4075-B18C-931159A0266E}.Debug|x64.Build.0 = Debug|Any CPU
		{1B64F8EE-E961-4075-B18C-931159A0266E}.Debug|x86.ActiveCfg = Debug|Any CPU
		{1B64F8EE-E961-4075-B18C-931159A0266E}.Debug|x86.Build.0 = Debug|Any CPU
		{1B64F8EE-E961-4075-B18C-931159A0266E}.Release|Any CPU.ActiveCfg = Release|Any CPU
		{1B64F8EE-E961-4075-B18C-931159A0266E}.Release|Any CPU.Build.0 = Release|Any CPU
		{1B64F8EE-E961-4075-B18C-931159A0266E}.Release|x64.ActiveCfg = Release|Any CPU
		{1B64F8EE-E961-4075-B18C-931159A0266E}.Release|x64.Build.0 = Release|Any CPU
		{1B64F8EE-E961-4075-B18C-931159A0266E}.Release|x86.ActiveCfg = Release|Any CPU
		{1B64F8EE-E961-4075-B18C-931159A0266E}.Release|x86.Build.0 = Release|Any CPU
	EndGlobalSection
	GlobalSection(SolutionProperties) = preSolution
		HideSolutionNode = FALSE
	EndGlobalSection
	GlobalSection(ExtensibilityGlobals) = postSolution
		SolutionGuid = {13E52504-5DFC-40C1-96D6-19D81A5F3C4B}
	EndGlobalSection
EndGlobal
